// !$*UTF8*$!
{
	archiveVersion = 1;
	classes = {
	};
	objectVersion = 51;
	objects = {

/* Begin PBXBuildFile section */
		CB88839A25BD523F009FDBA9 /* UserDetailsHandler.swift in Sources */ = {isa = PBXBuildFile; fileRef = CB88839925BD523F009FDBA9 /* UserDetailsHandler.swift */; };
		CB8883A625BD5368009FDBA9 /* ProfileDetailsCell.xib in Resources */ = {isa = PBXBuildFile; fileRef = CB88839F25BD5368009FDBA9 /* ProfileDetailsCell.xib */; };
		CB8883A725BD5368009FDBA9 /* ProfileDetailsCell.swift in Sources */ = {isa = PBXBuildFile; fileRef = CB8883A125BD5368009FDBA9 /* ProfileDetailsCell.swift */; };
		CB8883A825BD5368009FDBA9 /* ButtonCell.xib in Resources */ = {isa = PBXBuildFile; fileRef = CB8883A325BD5368009FDBA9 /* ButtonCell.xib */; };
		CB8883A925BD5368009FDBA9 /* ButtonCell.swift in Sources */ = {isa = PBXBuildFile; fileRef = CB8883A425BD5368009FDBA9 /* ButtonCell.swift */; };
		CBAAC98725BBFC9D00656D4F /* GoogleService-Info.plist in Resources */ = {isa = PBXBuildFile; fileRef = CBAAC98625BBFC9D00656D4F /* GoogleService-Info.plist */; };
		CBAAC9D525BCB6E800656D4F /* RequestItem.swift in Sources */ = {isa = PBXBuildFile; fileRef = CBAAC9D325BCB6E800656D4F /* RequestItem.swift */; };
		CBAAC9D625BCB6E800656D4F /* Request.swift in Sources */ = {isa = PBXBuildFile; fileRef = CBAAC9D425BCB6E800656D4F /* Request.swift */; };
		CBAAC9DA25BCB79000656D4F /* FirAuthHandler.swift in Sources */ = {isa = PBXBuildFile; fileRef = CBAAC9D925BCB79000656D4F /* FirAuthHandler.swift */; };
		CBAAC9E425BCB8EB00656D4F /* CardDetailVC.swift in Sources */ = {isa = PBXBuildFile; fileRef = CBAAC9E225BCB8EB00656D4F /* CardDetailVC.swift */; };
		CBAAC9E525BCB8EB00656D4F /* CardDetailVC.xib in Resources */ = {isa = PBXBuildFile; fileRef = CBAAC9E325BCB8EB00656D4F /* CardDetailVC.xib */; };
		CBAAC9EF25BCB9AB00656D4F /* Login.storyboard in Resources */ = {isa = PBXBuildFile; fileRef = CBAAC9EA25BCB9AB00656D4F /* Login.storyboard */; };
		CBAAC9F025BCB9AB00656D4F /* MoreInfoViewController.swift in Sources */ = {isa = PBXBuildFile; fileRef = CBAAC9EC25BCB9AB00656D4F /* MoreInfoViewController.swift */; };
		CBAAC9F125BCB9AB00656D4F /* LoginViewController.swift in Sources */ = {isa = PBXBuildFile; fileRef = CBAAC9ED25BCB9AB00656D4F /* LoginViewController.swift */; };
		CBAAC9F625BCBA6D00656D4F /* LoginField.swift in Sources */ = {isa = PBXBuildFile; fileRef = CBAAC9F525BCBA6D00656D4F /* LoginField.swift */; };
		CBAAC9FB25BCBAC300656D4F /* MNButton.swift in Sources */ = {isa = PBXBuildFile; fileRef = CBAAC9F825BCBAC300656D4F /* MNButton.swift */; };
		CBAAC9FC25BCBAC300656D4F /* PaddingLabel.swift in Sources */ = {isa = PBXBuildFile; fileRef = CBAAC9F925BCBAC300656D4F /* PaddingLabel.swift */; };
		CBAAC9FD25BCBAC300656D4F /* ElevatedTableViewCell.swift in Sources */ = {isa = PBXBuildFile; fileRef = CBAAC9FA25BCBAC300656D4F /* ElevatedTableViewCell.swift */; };
		CBAACA0225BCBB3400656D4F /* UINavBarExtension.swift in Sources */ = {isa = PBXBuildFile; fileRef = CBAACA0025BCBB3400656D4F /* UINavBarExtension.swift */; };
		CBAACA0325BCBB3400656D4F /* UIViewShadowExtension.swift in Sources */ = {isa = PBXBuildFile; fileRef = CBAACA0125BCBB3400656D4F /* UIViewShadowExtension.swift */; };
		CBAACA2825BCBF5700656D4F /* LandingViewController.swift in Sources */ = {isa = PBXBuildFile; fileRef = CBAACA2225BCBF5700656D4F /* LandingViewController.swift */; };
		CBAACA2925BCBF5700656D4F /* Main.storyboard in Resources */ = {isa = PBXBuildFile; fileRef = CBAACA2325BCBF5700656D4F /* Main.storyboard */; };
		CBAACA2A25BCBF5700656D4F /* RequestDetailViewController.swift in Sources */ = {isa = PBXBuildFile; fileRef = CBAACA2525BCBF5700656D4F /* RequestDetailViewController.swift */; };
		CBAACA2B25BCBF5700656D4F /* ProfileViewController.swift in Sources */ = {isa = PBXBuildFile; fileRef = CBAACA2625BCBF5700656D4F /* ProfileViewController.swift */; };
		CBAACA3025BCC04500656D4F /* CDHandler.swift in Sources */ = {isa = PBXBuildFile; fileRef = CBAACA2F25BCC04500656D4F /* CDHandler.swift */; };
		CBAACA3325BCC10100656D4F /* ZoneRequests.swift in Sources */ = {isa = PBXBuildFile; fileRef = CBAACA3225BCC10100656D4F /* ZoneRequests.swift */; };
		CBF9259925B89C6B00BD449F /* AppDelegate.swift in Sources */ = {isa = PBXBuildFile; fileRef = CBF9259825B89C6B00BD449F /* AppDelegate.swift */; };
		CBF9259B25B89C6B00BD449F /* SceneDelegate.swift in Sources */ = {isa = PBXBuildFile; fileRef = CBF9259A25B89C6B00BD449F /* SceneDelegate.swift */; };
		CBF925A325B89C6C00BD449F /* ANSWR.xcdatamodeld in Sources */ = {isa = PBXBuildFile; fileRef = CBF925A125B89C6C00BD449F /* ANSWR.xcdatamodeld */; };
		CBF925A525B89C6D00BD449F /* Assets.xcassets in Resources */ = {isa = PBXBuildFile; fileRef = CBF925A425B89C6D00BD449F /* Assets.xcassets */; };
		CBF925A825B89C6D00BD449F /* LaunchScreen.storyboard in Resources */ = {isa = PBXBuildFile; fileRef = CBF925A625B89C6D00BD449F /* LaunchScreen.storyboard */; };
		DA2F696D88B2A4728F9050E6 /* Pods_ANSWR.framework in Frameworks */ = {isa = PBXBuildFile; fileRef = 01655C9483F1BDDFDE582A34 /* Pods_ANSWR.framework */; };
/* End PBXBuildFile section */

/* Begin PBXFileReference section */
		01655C9483F1BDDFDE582A34 /* Pods_ANSWR.framework */ = {isa = PBXFileReference; explicitFileType = wrapper.framework; includeInIndex = 0; path = Pods_ANSWR.framework; sourceTree = BUILT_PRODUCTS_DIR; };
		0F8148AF2E92E63055932C31 /* Pods-ANSWR.release.xcconfig */ = {isa = PBXFileReference; includeInIndex = 1; lastKnownFileType = text.xcconfig; name = "Pods-ANSWR.release.xcconfig"; path = "Target Support Files/Pods-ANSWR/Pods-ANSWR.release.xcconfig"; sourceTree = "<group>"; };
		182E1410F08E6B5C132893D7 /* Pods-ANSWR.debug.xcconfig */ = {isa = PBXFileReference; includeInIndex = 1; lastKnownFileType = text.xcconfig; name = "Pods-ANSWR.debug.xcconfig"; path = "Target Support Files/Pods-ANSWR/Pods-ANSWR.debug.xcconfig"; sourceTree = "<group>"; };
		CB88839925BD523F009FDBA9 /* UserDetailsHandler.swift */ = {isa = PBXFileReference; fileEncoding = 4; lastKnownFileType = sourcecode.swift; path = UserDetailsHandler.swift; sourceTree = "<group>"; };
		CB8883A025BD5368009FDBA9 /* Base */ = {isa = PBXFileReference; lastKnownFileType = file.xib; name = Base; path = Base.lproj/ProfileDetailsCell.xib; sourceTree = "<group>"; };
		CB8883A125BD5368009FDBA9 /* ProfileDetailsCell.swift */ = {isa = PBXFileReference; fileEncoding = 4; lastKnownFileType = sourcecode.swift; path = ProfileDetailsCell.swift; sourceTree = "<group>"; };
		CB8883A325BD5368009FDBA9 /* ButtonCell.xib */ = {isa = PBXFileReference; fileEncoding = 4; lastKnownFileType = file.xib; path = ButtonCell.xib; sourceTree = "<group>"; };
		CB8883A425BD5368009FDBA9 /* ButtonCell.swift */ = {isa = PBXFileReference; fileEncoding = 4; lastKnownFileType = sourcecode.swift; path = ButtonCell.swift; sourceTree = "<group>"; };
		CBAAC98625BBFC9D00656D4F /* GoogleService-Info.plist */ = {isa = PBXFileReference; fileEncoding = 4; lastKnownFileType = text.plist.xml; path = "GoogleService-Info.plist"; sourceTree = "<group>"; };
		CBAAC9D325BCB6E800656D4F /* RequestItem.swift */ = {isa = PBXFileReference; fileEncoding = 4; lastKnownFileType = sourcecode.swift; path = RequestItem.swift; sourceTree = "<group>"; };
		CBAAC9D425BCB6E800656D4F /* Request.swift */ = {isa = PBXFileReference; fileEncoding = 4; lastKnownFileType = sourcecode.swift; path = Request.swift; sourceTree = "<group>"; };
		CBAAC9D925BCB79000656D4F /* FirAuthHandler.swift */ = {isa = PBXFileReference; fileEncoding = 4; lastKnownFileType = sourcecode.swift; path = FirAuthHandler.swift; sourceTree = "<group>"; };
		CBAAC9E225BCB8EB00656D4F /* CardDetailVC.swift */ = {isa = PBXFileReference; fileEncoding = 4; lastKnownFileType = sourcecode.swift; path = CardDetailVC.swift; sourceTree = "<group>"; };
		CBAAC9E325BCB8EB00656D4F /* CardDetailVC.xib */ = {isa = PBXFileReference; fileEncoding = 4; lastKnownFileType = file.xib; path = CardDetailVC.xib; sourceTree = "<group>"; };
		CBAAC9EB25BCB9AB00656D4F /* Base */ = {isa = PBXFileReference; lastKnownFileType = file.storyboard; name = Base; path = Base.lproj/Login.storyboard; sourceTree = "<group>"; };
		CBAAC9EC25BCB9AB00656D4F /* MoreInfoViewController.swift */ = {isa = PBXFileReference; fileEncoding = 4; lastKnownFileType = sourcecode.swift; path = MoreInfoViewController.swift; sourceTree = "<group>"; };
		CBAAC9ED25BCB9AB00656D4F /* LoginViewController.swift */ = {isa = PBXFileReference; fileEncoding = 4; lastKnownFileType = sourcecode.swift; path = LoginViewController.swift; sourceTree = "<group>"; };
		CBAAC9F525BCBA6D00656D4F /* LoginField.swift */ = {isa = PBXFileReference; fileEncoding = 4; lastKnownFileType = sourcecode.swift; path = LoginField.swift; sourceTree = "<group>"; };
		CBAAC9F825BCBAC300656D4F /* MNButton.swift */ = {isa = PBXFileReference; fileEncoding = 4; lastKnownFileType = sourcecode.swift; path = MNButton.swift; sourceTree = "<group>"; };
		CBAAC9F925BCBAC300656D4F /* PaddingLabel.swift */ = {isa = PBXFileReference; fileEncoding = 4; lastKnownFileType = sourcecode.swift; path = PaddingLabel.swift; sourceTree = "<group>"; };
		CBAAC9FA25BCBAC300656D4F /* ElevatedTableViewCell.swift */ = {isa = PBXFileReference; fileEncoding = 4; lastKnownFileType = sourcecode.swift; path = ElevatedTableViewCell.swift; sourceTree = "<group>"; };
		CBAACA0025BCBB3400656D4F /* UINavBarExtension.swift */ = {isa = PBXFileReference; fileEncoding = 4; lastKnownFileType = sourcecode.swift; path = UINavBarExtension.swift; sourceTree = "<group>"; };
		CBAACA0125BCBB3400656D4F /* UIViewShadowExtension.swift */ = {isa = PBXFileReference; fileEncoding = 4; lastKnownFileType = sourcecode.swift; path = UIViewShadowExtension.swift; sourceTree = "<group>"; };
		CBAACA2225BCBF5700656D4F /* LandingViewController.swift */ = {isa = PBXFileReference; fileEncoding = 4; lastKnownFileType = sourcecode.swift; path = LandingViewController.swift; sourceTree = "<group>"; };
		CBAACA2425BCBF5700656D4F /* Base */ = {isa = PBXFileReference; lastKnownFileType = file.storyboard; name = Base; path = Base.lproj/Main.storyboard; sourceTree = "<group>"; };
		CBAACA2525BCBF5700656D4F /* RequestDetailViewController.swift */ = {isa = PBXFileReference; fileEncoding = 4; lastKnownFileType = sourcecode.swift; path = RequestDetailViewController.swift; sourceTree = "<group>"; };
		CBAACA2625BCBF5700656D4F /* ProfileViewController.swift */ = {isa = PBXFileReference; fileEncoding = 4; lastKnownFileType = sourcecode.swift; path = ProfileViewController.swift; sourceTree = "<group>"; };
		CBAACA2F25BCC04500656D4F /* CDHandler.swift */ = {isa = PBXFileReference; fileEncoding = 4; lastKnownFileType = sourcecode.swift; path = CDHandler.swift; sourceTree = "<group>"; };
		CBAACA3225BCC10100656D4F /* ZoneRequests.swift */ = {isa = PBXFileReference; lastKnownFileType = sourcecode.swift; path = ZoneRequests.swift; sourceTree = "<group>"; };
		CBF9259525B89C6B00BD449F /* ANSWR.app */ = {isa = PBXFileReference; explicitFileType = wrapper.application; includeInIndex = 0; path = ANSWR.app; sourceTree = BUILT_PRODUCTS_DIR; };
		CBF9259825B89C6B00BD449F /* AppDelegate.swift */ = {isa = PBXFileReference; lastKnownFileType = sourcecode.swift; path = AppDelegate.swift; sourceTree = "<group>"; };
		CBF9259A25B89C6B00BD449F /* SceneDelegate.swift */ = {isa = PBXFileReference; lastKnownFileType = sourcecode.swift; path = SceneDelegate.swift; sourceTree = "<group>"; };
		CBF925A225B89C6C00BD449F /* ANSWR.xcdatamodel */ = {isa = PBXFileReference; lastKnownFileType = wrapper.xcdatamodel; path = ANSWR.xcdatamodel; sourceTree = "<group>"; };
		CBF925A425B89C6D00BD449F /* Assets.xcassets */ = {isa = PBXFileReference; lastKnownFileType = folder.assetcatalog; path = Assets.xcassets; sourceTree = "<group>"; };
		CBF925A725B89C6D00BD449F /* Base */ = {isa = PBXFileReference; lastKnownFileType = file.storyboard; name = Base; path = Base.lproj/LaunchScreen.storyboard; sourceTree = "<group>"; };
		CBF925A925B89C6D00BD449F /* Info.plist */ = {isa = PBXFileReference; lastKnownFileType = text.plist.xml; path = Info.plist; sourceTree = "<group>"; };
/* End PBXFileReference section */

/* Begin PBXFrameworksBuildPhase section */
		CBF9259225B89C6B00BD449F /* Frameworks */ = {
			isa = PBXFrameworksBuildPhase;
			buildActionMask = 2147483647;
			files = (
				DA2F696D88B2A4728F9050E6 /* Pods_ANSWR.framework in Frameworks */,
			);
			runOnlyForDeploymentPostprocessing = 0;
		};
/* End PBXFrameworksBuildPhase section */

/* Begin PBXGroup section */
		CB88839C25BD5368009FDBA9 /* ProfileDetailsCell */ = {
			isa = PBXGroup;
			children = (
				CB88839F25BD5368009FDBA9 /* ProfileDetailsCell.xib */,
				CB8883A125BD5368009FDBA9 /* ProfileDetailsCell.swift */,
			);
			path = ProfileDetailsCell;
			sourceTree = "<group>";
		};
		CB8883A225BD5368009FDBA9 /* ButtonCell */ = {
			isa = PBXGroup;
			children = (
				CB8883A325BD5368009FDBA9 /* ButtonCell.xib */,
				CB8883A425BD5368009FDBA9 /* ButtonCell.swift */,
			);
			path = ButtonCell;
			sourceTree = "<group>";
		};
		CBAAC99A25BBFDA500656D4F /* Delegates */ = {
			isa = PBXGroup;
			children = (
				CBF9259825B89C6B00BD449F /* AppDelegate.swift */,
				CBF9259A25B89C6B00BD449F /* SceneDelegate.swift */,
			);
			path = Delegates;
			sourceTree = "<group>";
		};
		CBAAC99D25BBFDB900656D4F /* Core Data */ = {
			isa = PBXGroup;
			children = (
				CBF925A125B89C6C00BD449F /* ANSWR.xcdatamodeld */,
			);
			path = "Core Data";
			sourceTree = "<group>";
		};
		CBAAC99E25BBFDC900656D4F /* Property Lists */ = {
			isa = PBXGroup;
			children = (
				CBF925A925B89C6D00BD449F /* Info.plist */,
				CBAAC98625BBFC9D00656D4F /* GoogleService-Info.plist */,
			);
			path = "Property Lists";
			sourceTree = "<group>";
		};
		CBAAC9D225BCB69700656D4F /* Models */ = {
			isa = PBXGroup;
			children = (
				CBAACA3225BCC10100656D4F /* ZoneRequests.swift */,
				CBAAC9D425BCB6E800656D4F /* Request.swift */,
				CBAAC9D325BCB6E800656D4F /* RequestItem.swift */,
			);
			path = Models;
			sourceTree = "<group>";
		};
		CBAAC9D825BCB75100656D4F /* Handlers */ = {
			isa = PBXGroup;
			children = (
				CB88839925BD523F009FDBA9 /* UserDetailsHandler.swift */,
				CBAACA2F25BCC04500656D4F /* CDHandler.swift */,
				CBAAC9D925BCB79000656D4F /* FirAuthHandler.swift */,
			);
			path = Handlers;
			sourceTree = "<group>";
		};
		CBAAC9DC25BCB83B00656D4F /* Storyboard-ViewControllers */ = {
			isa = PBXGroup;
			children = (
				CBAAC9DD25BCB84900656D4F /* LaunchScreen */,
				CBAAC9E725BCB9AB00656D4F /* Login */,
				CBAACA1F25BCBF5700656D4F /* Main */,
			);
			path = "Storyboard-ViewControllers";
			sourceTree = "<group>";
		};
		CBAAC9DD25BCB84900656D4F /* LaunchScreen */ = {
			isa = PBXGroup;
			children = (
				CBF925A625B89C6D00BD449F /* LaunchScreen.storyboard */,
			);
			path = LaunchScreen;
			sourceTree = "<group>";
		};
		CBAAC9E025BCB8BB00656D4F /* Nib-Classes */ = {
			isa = PBXGroup;
			children = (
				CB8883A225BD5368009FDBA9 /* ButtonCell */,
				CB88839C25BD5368009FDBA9 /* ProfileDetailsCell */,
				CBAAC9E125BCB8EB00656D4F /* CardDetailVC */,
			);
			path = "Nib-Classes";
			sourceTree = "<group>";
		};
		CBAAC9E125BCB8EB00656D4F /* CardDetailVC */ = {
			isa = PBXGroup;
			children = (
				CBAAC9E325BCB8EB00656D4F /* CardDetailVC.xib */,
				CBAAC9E225BCB8EB00656D4F /* CardDetailVC.swift */,
			);
			path = CardDetailVC;
			sourceTree = "<group>";
		};
		CBAAC9E725BCB9AB00656D4F /* Login */ = {
			isa = PBXGroup;
			children = (
				CBAAC9EA25BCB9AB00656D4F /* Login.storyboard */,
				CBAAC9EC25BCB9AB00656D4F /* MoreInfoViewController.swift */,
				CBAAC9ED25BCB9AB00656D4F /* LoginViewController.swift */,
			);
			path = Login;
			sourceTree = "<group>";
		};
		CBAAC9F425BCBA5400656D4F /* View Components */ = {
			isa = PBXGroup;
			children = (
				CBAAC9FA25BCBAC300656D4F /* ElevatedTableViewCell.swift */,
				CBAAC9F825BCBAC300656D4F /* MNButton.swift */,
				CBAAC9F925BCBAC300656D4F /* PaddingLabel.swift */,
				CBAAC9F525BCBA6D00656D4F /* LoginField.swift */,
			);
			path = "View Components";
			sourceTree = "<group>";
		};
		CBAAC9FF25BCBB3400656D4F /* Extensions */ = {
			isa = PBXGroup;
			children = (
				CBAACA0025BCBB3400656D4F /* UINavBarExtension.swift */,
				CBAACA0125BCBB3400656D4F /* UIViewShadowExtension.swift */,
			);
			path = Extensions;
			sourceTree = "<group>";
		};
		CBAACA1F25BCBF5700656D4F /* Main */ = {
			isa = PBXGroup;
			children = (
				CBAACA2325BCBF5700656D4F /* Main.storyboard */,
				CBAACA2225BCBF5700656D4F /* LandingViewController.swift */,
				CBAACA2525BCBF5700656D4F /* RequestDetailViewController.swift */,
				CBAACA2625BCBF5700656D4F /* ProfileViewController.swift */,
			);
			path = Main;
			sourceTree = "<group>";
		};
		CBF9258C25B89C6B00BD449F = {
			isa = PBXGroup;
			children = (
				CBF9259725B89C6B00BD449F /* ANSWR */,
				CBF9259625B89C6B00BD449F /* Products */,
				DE8ECB029989D12555EFDA06 /* Pods */,
				CDA0EE1BEF3983070BDD6E85 /* Frameworks */,
			);
			sourceTree = "<group>";
		};
		CBF9259625B89C6B00BD449F /* Products */ = {
			isa = PBXGroup;
			children = (
				CBF9259525B89C6B00BD449F /* ANSWR.app */,
			);
			name = Products;
			sourceTree = "<group>";
		};
		CBF9259725B89C6B00BD449F /* ANSWR */ = {
			isa = PBXGroup;
			children = (
				CBAAC9F425BCBA5400656D4F /* View Components */,
				CBAAC99D25BBFDB900656D4F /* Core Data */,
				CBAAC99A25BBFDA500656D4F /* Delegates */,
				CBAAC9E025BCB8BB00656D4F /* Nib-Classes */,
				CBAAC9DC25BCB83B00656D4F /* Storyboard-ViewControllers */,
				CBAAC9D225BCB69700656D4F /* Models */,
				CBAAC9D825BCB75100656D4F /* Handlers */,
				CBAAC99E25BBFDC900656D4F /* Property Lists */,
				CBAAC9FF25BCBB3400656D4F /* Extensions */,
				CBF925A425B89C6D00BD449F /* Assets.xcassets */,
			);
			path = ANSWR;
			sourceTree = "<group>";
		};
		CDA0EE1BEF3983070BDD6E85 /* Frameworks */ = {
			isa = PBXGroup;
			children = (
				01655C9483F1BDDFDE582A34 /* Pods_ANSWR.framework */,
			);
			name = Frameworks;
			sourceTree = "<group>";
		};
		DE8ECB029989D12555EFDA06 /* Pods */ = {
			isa = PBXGroup;
			children = (
				182E1410F08E6B5C132893D7 /* Pods-ANSWR.debug.xcconfig */,
				0F8148AF2E92E63055932C31 /* Pods-ANSWR.release.xcconfig */,
			);
			path = Pods;
			sourceTree = "<group>";
		};
/* End PBXGroup section */

/* Begin PBXNativeTarget section */
		CBF9259425B89C6B00BD449F /* ANSWR */ = {
			isa = PBXNativeTarget;
			buildConfigurationList = CBF925AC25B89C6D00BD449F /* Build configuration list for PBXNativeTarget "ANSWR" */;
			buildPhases = (
				19CEB9C4F75595883DA56166 /* [CP] Check Pods Manifest.lock */,
				CBF9259125B89C6B00BD449F /* Sources */,
				CBF9259225B89C6B00BD449F /* Frameworks */,
				CBF9259325B89C6B00BD449F /* Resources */,
				035F75A99B06CA927653B825 /* [CP] Embed Pods Frameworks */,
			);
			buildRules = (
			);
			dependencies = (
			);
			name = ANSWR;
			productName = ANSWR;
			productReference = CBF9259525B89C6B00BD449F /* ANSWR.app */;
			productType = "com.apple.product-type.application";
		};
/* End PBXNativeTarget section */

/* Begin PBXProject section */
		CBF9258D25B89C6B00BD449F /* Project object */ = {
			isa = PBXProject;
			attributes = {
				LastSwiftUpdateCheck = 1230;
				LastUpgradeCheck = 1230;
				TargetAttributes = {
					CBF9259425B89C6B00BD449F = {
						CreatedOnToolsVersion = 12.3;
					};
				};
			};
			buildConfigurationList = CBF9259025B89C6B00BD449F /* Build configuration list for PBXProject "ANSWR" */;
			compatibilityVersion = "Xcode 9.3";
			developmentRegion = en;
			hasScannedForEncodings = 0;
			knownRegions = (
				en,
				Base,
				"zh-Hans",
			);
			mainGroup = CBF9258C25B89C6B00BD449F;
			productRefGroup = CBF9259625B89C6B00BD449F /* Products */;
			projectDirPath = "";
			projectRoot = "";
			targets = (
				CBF9259425B89C6B00BD449F /* ANSWR */,
			);
		};
/* End PBXProject section */

/* Begin PBXResourcesBuildPhase section */
		CBF9259325B89C6B00BD449F /* Resources */ = {
			isa = PBXResourcesBuildPhase;
			buildActionMask = 2147483647;
			files = (
				CBAACA2925BCBF5700656D4F /* Main.storyboard in Resources */,
				CBF925A825B89C6D00BD449F /* LaunchScreen.storyboard in Resources */,
				CBAAC98725BBFC9D00656D4F /* GoogleService-Info.plist in Resources */,
				CBAAC9EF25BCB9AB00656D4F /* Login.storyboard in Resources */,
				CBF925A525B89C6D00BD449F /* Assets.xcassets in Resources */,
				CB8883A825BD5368009FDBA9 /* ButtonCell.xib in Resources */,
				CB8883A625BD5368009FDBA9 /* ProfileDetailsCell.xib in Resources */,
				CBAAC9E525BCB8EB00656D4F /* CardDetailVC.xib in Resources */,
			);
			runOnlyForDeploymentPostprocessing = 0;
		};
/* End PBXResourcesBuildPhase section */

/* Begin PBXShellScriptBuildPhase section */
		035F75A99B06CA927653B825 /* [CP] Embed Pods Frameworks */ = {
			isa = PBXShellScriptBuildPhase;
			buildActionMask = 2147483647;
			files = (
			);
			inputFileListPaths = (
				"${PODS_ROOT}/Target Support Files/Pods-ANSWR/Pods-ANSWR-frameworks-${CONFIGURATION}-input-files.xcfilelist",
			);
			name = "[CP] Embed Pods Frameworks";
			outputFileListPaths = (
				"${PODS_ROOT}/Target Support Files/Pods-ANSWR/Pods-ANSWR-frameworks-${CONFIGURATION}-output-files.xcfilelist",
			);
			runOnlyForDeploymentPostprocessing = 0;
			shellPath = /bin/sh;
			shellScript = "\"${PODS_ROOT}/Target Support Files/Pods-ANSWR/Pods-ANSWR-frameworks.sh\"\n";
			showEnvVarsInLog = 0;
		};
		19CEB9C4F75595883DA56166 /* [CP] Check Pods Manifest.lock */ = {
			isa = PBXShellScriptBuildPhase;
			buildActionMask = 2147483647;
			files = (
			);
			inputFileListPaths = (
			);
			inputPaths = (
				"${PODS_PODFILE_DIR_PATH}/Podfile.lock",
				"${PODS_ROOT}/Manifest.lock",
			);
			name = "[CP] Check Pods Manifest.lock";
			outputFileListPaths = (
			);
			outputPaths = (
				"$(DERIVED_FILE_DIR)/Pods-ANSWR-checkManifestLockResult.txt",
			);
			runOnlyForDeploymentPostprocessing = 0;
			shellPath = /bin/sh;
			shellScript = "diff \"${PODS_PODFILE_DIR_PATH}/Podfile.lock\" \"${PODS_ROOT}/Manifest.lock\" > /dev/null\nif [ $? != 0 ] ; then\n    # print error to STDERR\n    echo \"error: The sandbox is not in sync with the Podfile.lock. Run 'pod install' or update your CocoaPods installation.\" >&2\n    exit 1\nfi\n# This output is used by Xcode 'outputs' to avoid re-running this script phase.\necho \"SUCCESS\" > \"${SCRIPT_OUTPUT_FILE_0}\"\n";
			showEnvVarsInLog = 0;
		};
/* End PBXShellScriptBuildPhase section */

/* Begin PBXSourcesBuildPhase section */
		CBF9259125B89C6B00BD449F /* Sources */ = {
			isa = PBXSourcesBuildPhase;
			buildActionMask = 2147483647;
			files = (
				CBAAC9FD25BCBAC300656D4F /* ElevatedTableViewCell.swift in Sources */,
				CBAACA3025BCC04500656D4F /* CDHandler.swift in Sources */,
				CB88839A25BD523F009FDBA9 /* UserDetailsHandler.swift in Sources */,
				CBAACA0325BCBB3400656D4F /* UIViewShadowExtension.swift in Sources */,
				CBAACA2825BCBF5700656D4F /* LandingViewController.swift in Sources */,
				CBAAC9D625BCB6E800656D4F /* Request.swift in Sources */,
				CBAACA0225BCBB3400656D4F /* UINavBarExtension.swift in Sources */,
				CBAACA2A25BCBF5700656D4F /* RequestDetailViewController.swift in Sources */,
				CBAACA2B25BCBF5700656D4F /* ProfileViewController.swift in Sources */,
				CBAAC9D525BCB6E800656D4F /* RequestItem.swift in Sources */,
				CBAACA3325BCC10100656D4F /* ZoneRequests.swift in Sources */,
				CBAAC9E425BCB8EB00656D4F /* CardDetailVC.swift in Sources */,
				CB8883A725BD5368009FDBA9 /* ProfileDetailsCell.swift in Sources */,
				CBAAC9FB25BCBAC300656D4F /* MNButton.swift in Sources */,
				CBAAC9DA25BCB79000656D4F /* FirAuthHandler.swift in Sources */,
				CB8883A925BD5368009FDBA9 /* ButtonCell.swift in Sources */,
				CBF925A325B89C6C00BD449F /* ANSWR.xcdatamodeld in Sources */,
				CBAAC9F625BCBA6D00656D4F /* LoginField.swift in Sources */,
				CBAAC9F025BCB9AB00656D4F /* MoreInfoViewController.swift in Sources */,
				CBF9259925B89C6B00BD449F /* AppDelegate.swift in Sources */,
				CBAAC9FC25BCBAC300656D4F /* PaddingLabel.swift in Sources */,
				CBAAC9F125BCB9AB00656D4F /* LoginViewController.swift in Sources */,
				CBF9259B25B89C6B00BD449F /* SceneDelegate.swift in Sources */,
			);
			runOnlyForDeploymentPostprocessing = 0;
		};
/* End PBXSourcesBuildPhase section */

/* Begin PBXVariantGroup section */
		CB88839F25BD5368009FDBA9 /* ProfileDetailsCell.xib */ = {
			isa = PBXVariantGroup;
			children = (
				CB8883A025BD5368009FDBA9 /* Base */,
			);
			name = ProfileDetailsCell.xib;
			sourceTree = "<group>";
		};
		CBAAC9EA25BCB9AB00656D4F /* Login.storyboard */ = {
			isa = PBXVariantGroup;
			children = (
				CBAAC9EB25BCB9AB00656D4F /* Base */,
			);
			name = Login.storyboard;
			sourceTree = "<group>";
		};
		CBAACA2325BCBF5700656D4F /* Main.storyboard */ = {
			isa = PBXVariantGroup;
			children = (
				CBAACA2425BCBF5700656D4F /* Base */,
			);
			name = Main.storyboard;
			sourceTree = "<group>";
		};
		CBF925A625B89C6D00BD449F /* LaunchScreen.storyboard */ = {
			isa = PBXVariantGroup;
			children = (
				CBF925A725B89C6D00BD449F /* Base */,
			);
			name = LaunchScreen.storyboard;
			sourceTree = "<group>";
		};
/* End PBXVariantGroup section */

/* Begin XCBuildConfiguration section */
		CBF925AA25B89C6D00BD449F /* Debug */ = {
			isa = XCBuildConfiguration;
			buildSettings = {
				ALWAYS_SEARCH_USER_PATHS = NO;
				CLANG_ANALYZER_NONNULL = YES;
				CLANG_ANALYZER_NUMBER_OBJECT_CONVERSION = YES_AGGRESSIVE;
				CLANG_CXX_LANGUAGE_STANDARD = "gnu++14";
				CLANG_CXX_LIBRARY = "libc++";
				CLANG_ENABLE_MODULES = YES;
				CLANG_ENABLE_OBJC_ARC = YES;
				CLANG_ENABLE_OBJC_WEAK = YES;
				CLANG_WARN_BLOCK_CAPTURE_AUTORELEASING = YES;
				CLANG_WARN_BOOL_CONVERSION = YES;
				CLANG_WARN_COMMA = YES;
				CLANG_WARN_CONSTANT_CONVERSION = YES;
				CLANG_WARN_DEPRECATED_OBJC_IMPLEMENTATIONS = YES;
				CLANG_WARN_DIRECT_OBJC_ISA_USAGE = YES_ERROR;
				CLANG_WARN_DOCUMENTATION_COMMENTS = YES;
				CLANG_WARN_EMPTY_BODY = YES;
				CLANG_WARN_ENUM_CONVERSION = YES;
				CLANG_WARN_INFINITE_RECURSION = YES;
				CLANG_WARN_INT_CONVERSION = YES;
				CLANG_WARN_NON_LITERAL_NULL_CONVERSION = YES;
				CLANG_WARN_OBJC_IMPLICIT_RETAIN_SELF = YES;
				CLANG_WARN_OBJC_LITERAL_CONVERSION = YES;
				CLANG_WARN_OBJC_ROOT_CLASS = YES_ERROR;
				CLANG_WARN_QUOTED_INCLUDE_IN_FRAMEWORK_HEADER = YES;
				CLANG_WARN_RANGE_LOOP_ANALYSIS = YES;
				CLANG_WARN_STRICT_PROTOTYPES = YES;
				CLANG_WARN_SUSPICIOUS_MOVE = YES;
				CLANG_WARN_UNGUARDED_AVAILABILITY = YES_AGGRESSIVE;
				CLANG_WARN_UNREACHABLE_CODE = YES;
				CLANG_WARN__DUPLICATE_METHOD_MATCH = YES;
				COPY_PHASE_STRIP = NO;
				DEBUG_INFORMATION_FORMAT = dwarf;
				ENABLE_STRICT_OBJC_MSGSEND = YES;
				ENABLE_TESTABILITY = YES;
				GCC_C_LANGUAGE_STANDARD = gnu11;
				GCC_DYNAMIC_NO_PIC = NO;
				GCC_NO_COMMON_BLOCKS = YES;
				GCC_OPTIMIZATION_LEVEL = 0;
				GCC_PREPROCESSOR_DEFINITIONS = (
					"DEBUG=1",
					"$(inherited)",
				);
				GCC_WARN_64_TO_32_BIT_CONVERSION = YES;
				GCC_WARN_ABOUT_RETURN_TYPE = YES_ERROR;
				GCC_WARN_UNDECLARED_SELECTOR = YES;
				GCC_WARN_UNINITIALIZED_AUTOS = YES_AGGRESSIVE;
				GCC_WARN_UNUSED_FUNCTION = YES;
				GCC_WARN_UNUSED_VARIABLE = YES;
				IPHONEOS_DEPLOYMENT_TARGET = 14.3;
				MTL_ENABLE_DEBUG_INFO = INCLUDE_SOURCE;
				MTL_FAST_MATH = YES;
				ONLY_ACTIVE_ARCH = YES;
				SDKROOT = iphoneos;
				SWIFT_ACTIVE_COMPILATION_CONDITIONS = DEBUG;
				SWIFT_OPTIMIZATION_LEVEL = "-Onone";
			};
			name = Debug;
		};
		CBF925AB25B89C6D00BD449F /* Release */ = {
			isa = XCBuildConfiguration;
			buildSettings = {
				ALWAYS_SEARCH_USER_PATHS = NO;
				CLANG_ANALYZER_NONNULL = YES;
				CLANG_ANALYZER_NUMBER_OBJECT_CONVERSION = YES_AGGRESSIVE;
				CLANG_CXX_LANGUAGE_STANDARD = "gnu++14";
				CLANG_CXX_LIBRARY = "libc++";
				CLANG_ENABLE_MODULES = YES;
				CLANG_ENABLE_OBJC_ARC = YES;
				CLANG_ENABLE_OBJC_WEAK = YES;
				CLANG_WARN_BLOCK_CAPTURE_AUTORELEASING = YES;
				CLANG_WARN_BOOL_CONVERSION = YES;
				CLANG_WARN_COMMA = YES;
				CLANG_WARN_CONSTANT_CONVERSION = YES;
				CLANG_WARN_DEPRECATED_OBJC_IMPLEMENTATIONS = YES;
				CLANG_WARN_DIRECT_OBJC_ISA_USAGE = YES_ERROR;
				CLANG_WARN_DOCUMENTATION_COMMENTS = YES;
				CLANG_WARN_EMPTY_BODY = YES;
				CLANG_WARN_ENUM_CONVERSION = YES;
				CLANG_WARN_INFINITE_RECURSION = YES;
				CLANG_WARN_INT_CONVERSION = YES;
				CLANG_WARN_NON_LITERAL_NULL_CONVERSION = YES;
				CLANG_WARN_OBJC_IMPLICIT_RETAIN_SELF = YES;
				CLANG_WARN_OBJC_LITERAL_CONVERSION = YES;
				CLANG_WARN_OBJC_ROOT_CLASS = YES_ERROR;
				CLANG_WARN_QUOTED_INCLUDE_IN_FRAMEWORK_HEADER = YES;
				CLANG_WARN_RANGE_LOOP_ANALYSIS = YES;
				CLANG_WARN_STRICT_PROTOTYPES = YES;
				CLANG_WARN_SUSPICIOUS_MOVE = YES;
				CLANG_WARN_UNGUARDED_AVAILABILITY = YES_AGGRESSIVE;
				CLANG_WARN_UNREACHABLE_CODE = YES;
				CLANG_WARN__DUPLICATE_METHOD_MATCH = YES;
				COPY_PHASE_STRIP = NO;
				DEBUG_INFORMATION_FORMAT = "dwarf-with-dsym";
				ENABLE_NS_ASSERTIONS = NO;
				ENABLE_STRICT_OBJC_MSGSEND = YES;
				GCC_C_LANGUAGE_STANDARD = gnu11;
				GCC_NO_COMMON_BLOCKS = YES;
				GCC_WARN_64_TO_32_BIT_CONVERSION = YES;
				GCC_WARN_ABOUT_RETURN_TYPE = YES_ERROR;
				GCC_WARN_UNDECLARED_SELECTOR = YES;
				GCC_WARN_UNINITIALIZED_AUTOS = YES_AGGRESSIVE;
				GCC_WARN_UNUSED_FUNCTION = YES;
				GCC_WARN_UNUSED_VARIABLE = YES;
				IPHONEOS_DEPLOYMENT_TARGET = 14.3;
				MTL_ENABLE_DEBUG_INFO = NO;
				MTL_FAST_MATH = YES;
				SDKROOT = iphoneos;
				SWIFT_COMPILATION_MODE = wholemodule;
				SWIFT_OPTIMIZATION_LEVEL = "-O";
				VALIDATE_PRODUCT = YES;
			};
			name = Release;
		};
		CBF925AD25B89C6D00BD449F /* Debug */ = {
			isa = XCBuildConfiguration;
			baseConfigurationReference = 182E1410F08E6B5C132893D7 /* Pods-ANSWR.debug.xcconfig */;
			buildSettings = {
				ASSETCATALOG_COMPILER_APPICON_NAME = AppIcon;
				ASSETCATALOG_COMPILER_GLOBAL_ACCENT_COLOR_NAME = AccentColor;
				CODE_SIGN_STYLE = Automatic;
				CURRENT_PROJECT_VERSION = 1;
				DEVELOPMENT_TEAM = 28TQ69XX5Q;
				INFOPLIST_FILE = "$(SRCROOT)/ANSWR/Property Lists/Info.plist";
				LD_RUNPATH_SEARCH_PATHS = (
					"$(inherited)",
					"@executable_path/Frameworks",
				);
				MARKETING_VERSION = 0.1;
				PRODUCT_BUNDLE_IDENTIFIER = orbitalsqwib.developer.ANSWR;
				PRODUCT_NAME = "$(TARGET_NAME)";
				SWIFT_VERSION = 5.0;
				TARGETED_DEVICE_FAMILY = "1,2";
			};
			name = Debug;
		};
		CBF925AE25B89C6D00BD449F /* Release */ = {
			isa = XCBuildConfiguration;
			baseConfigurationReference = 0F8148AF2E92E63055932C31 /* Pods-ANSWR.release.xcconfig */;
			buildSettings = {
				ASSETCATALOG_COMPILER_APPICON_NAME = AppIcon;
				ASSETCATALOG_COMPILER_GLOBAL_ACCENT_COLOR_NAME = AccentColor;
				CODE_SIGN_STYLE = Automatic;
				CURRENT_PROJECT_VERSION = 1;
				DEVELOPMENT_TEAM = 28TQ69XX5Q;
				INFOPLIST_FILE = "$(SRCROOT)/ANSWR/Property Lists/Info.plist";
				LD_RUNPATH_SEARCH_PATHS = (
					"$(inherited)",
					"@executable_path/Frameworks",
				);
				MARKETING_VERSION = 0.1;
				PRODUCT_BUNDLE_IDENTIFIER = orbitalsqwib.developer.ANSWR;
				PRODUCT_NAME = "$(TARGET_NAME)";
				SWIFT_VERSION = 5.0;
				TARGETED_DEVICE_FAMILY = "1,2";
			};
			name = Release;
		};
/* End XCBuildConfiguration section */

/* Begin XCConfigurationList section */
		CBF9259025B89C6B00BD449F /* Build configuration list for PBXProject "ANSWR" */ = {
			isa = XCConfigurationList;
			buildConfigurations = (
				CBF925AA25B89C6D00BD449F /* Debug */,
				CBF925AB25B89C6D00BD449F /* Release */,
			);
			defaultConfigurationIsVisible = 0;
			defaultConfigurationName = Release;
		};
		CBF925AC25B89C6D00BD449F /* Build configuration list for PBXNativeTarget "ANSWR" */ = {
			isa = XCConfigurationList;
			buildConfigurations = (
				CBF925AD25B89C6D00BD449F /* Debug */,
				CBF925AE25B89C6D00BD449F /* Release */,
			);
			defaultConfigurationIsVisible = 0;
			defaultConfigurationName = Release;
		};
/* End XCConfigurationList section */

/* Begin XCVersionGroup section */
		CBF925A125B89C6C00BD449F /* ANSWR.xcdatamodeld */ = {
			isa = XCVersionGroup;
			children = (
				CBF925A225B89C6C00BD449F /* ANSWR.xcdatamodel */,
			);
			currentVersion = CBF925A225B89C6C00BD449F /* ANSWR.xcdatamodel */;
			path = ANSWR.xcdatamodeld;
			sourceTree = "<group>";
			versionGroupType = wrapper.xcdatamodel;
		};
/* End XCVersionGroup section */
	};
	rootObject = CBF9258D25B89C6B00BD449F /* Project object */;
}
